// !$*UTF8*$!
{
	archiveVersion = 1;
	classes = {
	};
	objectVersion = 46;
	objects = {

/* Begin PBXBuildFile section */
		07ACCA331AD523EE006D228C /* AppDelegate.swift in Sources */ = {isa = PBXBuildFile; fileRef = 07ACCA321AD523EE006D228C /* AppDelegate.swift */; };
		07ACCA3B1AD523EE006D228C /* Main.storyboard in Resources */ = {isa = PBXBuildFile; fileRef = 07ACCA391AD523EE006D228C /* Main.storyboard */; };
		07ACCA3D1AD523EE006D228C /* Images.xcassets in Resources */ = {isa = PBXBuildFile; fileRef = 07ACCA3C1AD523EE006D228C /* Images.xcassets */; };
		07ACCA401AD523EE006D228C /* LaunchScreen.xib in Resources */ = {isa = PBXBuildFile; fileRef = 07ACCA3E1AD523EE006D228C /* LaunchScreen.xib */; };
		09871EAA1B18D61700D789B2 /* RxTableViewDataSource.swift in Sources */ = {isa = PBXBuildFile; fileRef = 09871EA81B18D61700D789B2 /* RxTableViewDataSource.swift */; };
		09871EAB1B18D61700D789B2 /* RxTableViewDelegate.swift in Sources */ = {isa = PBXBuildFile; fileRef = 09871EA91B18D61700D789B2 /* RxTableViewDelegate.swift */; };
		0991E0011B16038E00CC3935 /* String+Ext.swift in Sources */ = {isa = PBXBuildFile; fileRef = 0991E0001B16038E00CC3935 /* String+Ext.swift */; };
		0991E0041B16090300CC3935 /* DetailViewModel.swift in Sources */ = {isa = PBXBuildFile; fileRef = 0991E0031B16090300CC3935 /* DetailViewModel.swift */; };
		65A048901B17FA2C00D06817 /* ViewController.swift in Sources */ = {isa = PBXBuildFile; fileRef = 65A0488F1B17FA2C00D06817 /* ViewController.swift */; };
		65B0A6511B13665D002D7CFA /* UIBarButtonItem+RxExt.swift in Sources */ = {isa = PBXBuildFile; fileRef = 65B0A6501B13665D002D7CFA /* UIBarButtonItem+RxExt.swift */; };
		65CA56411B169F9D0065EAC6 /* MasterViewModel.swift in Sources */ = {isa = PBXBuildFile; fileRef = 65CA56401B169F9D0065EAC6 /* MasterViewModel.swift */; };
		65F7083E1B140231008A9C41 /* MasterTableViewController.swift in Sources */ = {isa = PBXBuildFile; fileRef = 65F7083D1B140231008A9C41 /* MasterTableViewController.swift */; };
		65F708401B14023F008A9C41 /* DetailViewController.swift in Sources */ = {isa = PBXBuildFile; fileRef = 65F7083F1B14023F008A9C41 /* DetailViewController.swift */; };
		65F708431B140381008A9C41 /* Payback.swift in Sources */ = {isa = PBXBuildFile; fileRef = 65F708421B140381008A9C41 /* Payback.swift */; };
		65F708451B1403CD008A9C41 /* PayBackCollection.swift in Sources */ = {isa = PBXBuildFile; fileRef = 65F708441B1403CD008A9C41 /* PayBackCollection.swift */; };
		808995762BE0DB876DFDB267 /* Pods_MVVMTests.framework in Frameworks */ = {isa = PBXBuildFile; fileRef = 071B14121F3068EC0A058262 /* Pods_MVVMTests.framework */; settings = {ATTRIBUTES = (Weak, ); }; };
		9A50089BE42C887BD884DEDD /* Pods_MVVM.framework in Frameworks */ = {isa = PBXBuildFile; fileRef = FFAFCD423C2215679CEC5565 /* Pods_MVVM.framework */; settings = {ATTRIBUTES = (Weak, ); }; };
/* End PBXBuildFile section */

/* Begin PBXContainerItemProxy section */
		07ACCA461AD523EF006D228C /* PBXContainerItemProxy */ = {
			isa = PBXContainerItemProxy;
			containerPortal = 07ACCA251AD523EE006D228C /* Project object */;
			proxyType = 1;
			remoteGlobalIDString = 07ACCA2C1AD523EE006D228C;
			remoteInfo = MVVM;
		};
/* End PBXContainerItemProxy section */

/* Begin PBXFileReference section */
		071B14121F3068EC0A058262 /* Pods_MVVMTests.framework */ = {isa = PBXFileReference; explicitFileType = wrapper.framework; includeInIndex = 0; path = Pods_MVVMTests.framework; sourceTree = BUILT_PRODUCTS_DIR; };
		0757B378E393E9D9BEAD757C /* Pods-MVVMTests.release.xcconfig */ = {isa = PBXFileReference; includeInIndex = 1; lastKnownFileType = text.xcconfig; name = "Pods-MVVMTests.release.xcconfig"; path = "Pods/Target Support Files/Pods-MVVMTests/Pods-MVVMTests.release.xcconfig"; sourceTree = "<group>"; };
		07ACCA2D1AD523EE006D228C /* MVVM.app */ = {isa = PBXFileReference; explicitFileType = wrapper.application; includeInIndex = 0; path = MVVM.app; sourceTree = BUILT_PRODUCTS_DIR; };
		07ACCA311AD523EE006D228C /* Info.plist */ = {isa = PBXFileReference; lastKnownFileType = text.plist.xml; path = Info.plist; sourceTree = "<group>"; };
		07ACCA321AD523EE006D228C /* AppDelegate.swift */ = {isa = PBXFileReference; lastKnownFileType = sourcecode.swift; path = AppDelegate.swift; sourceTree = "<group>"; };
		07ACCA3A1AD523EE006D228C /* Base */ = {isa = PBXFileReference; lastKnownFileType = file.storyboard; name = Base; path = Base.lproj/Main.storyboard; sourceTree = "<group>"; };
		07ACCA3C1AD523EE006D228C /* Images.xcassets */ = {isa = PBXFileReference; lastKnownFileType = folder.assetcatalog; path = Images.xcassets; sourceTree = "<group>"; };
		07ACCA3F1AD523EE006D228C /* Base */ = {isa = PBXFileReference; lastKnownFileType = file.xib; name = Base; path = Base.lproj/LaunchScreen.xib; sourceTree = "<group>"; };
		07ACCA451AD523EF006D228C /* MVVMTests.xctest */ = {isa = PBXFileReference; explicitFileType = wrapper.cfbundle; includeInIndex = 0; path = MVVMTests.xctest; sourceTree = BUILT_PRODUCTS_DIR; };
		07ACCA4A1AD523EF006D228C /* Info.plist */ = {isa = PBXFileReference; lastKnownFileType = text.plist.xml; path = Info.plist; sourceTree = "<group>"; };
		09871EA81B18D61700D789B2 /* RxTableViewDataSource.swift */ = {isa = PBXFileReference; fileEncoding = 4; lastKnownFileType = sourcecode.swift; path = RxTableViewDataSource.swift; sourceTree = "<group>"; };
		09871EA91B18D61700D789B2 /* RxTableViewDelegate.swift */ = {isa = PBXFileReference; fileEncoding = 4; lastKnownFileType = sourcecode.swift; path = RxTableViewDelegate.swift; sourceTree = "<group>"; };
		0991E0001B16038E00CC3935 /* String+Ext.swift */ = {isa = PBXFileReference; fileEncoding = 4; lastKnownFileType = sourcecode.swift; path = "String+Ext.swift"; sourceTree = "<group>"; };
		0991E0031B16090300CC3935 /* DetailViewModel.swift */ = {isa = PBXFileReference; fileEncoding = 4; lastKnownFileType = sourcecode.swift; path = DetailViewModel.swift; sourceTree = "<group>"; };
		515C11690BD55045E7A840FE /* Pods-MVVMTests.debug.xcconfig */ = {isa = PBXFileReference; includeInIndex = 1; lastKnownFileType = text.xcconfig; name = "Pods-MVVMTests.debug.xcconfig"; path = "Pods/Target Support Files/Pods-MVVMTests/Pods-MVVMTests.debug.xcconfig"; sourceTree = "<group>"; };
		5E6ED16BC68C064973D2C37B /* Pods-MVVM.release.xcconfig */ = {isa = PBXFileReference; includeInIndex = 1; lastKnownFileType = text.xcconfig; name = "Pods-MVVM.release.xcconfig"; path = "Pods/Target Support Files/Pods-MVVM/Pods-MVVM.release.xcconfig"; sourceTree = "<group>"; };
		65A0488F1B17FA2C00D06817 /* ViewController.swift */ = {isa = PBXFileReference; fileEncoding = 4; lastKnownFileType = sourcecode.swift; path = ViewController.swift; sourceTree = "<group>"; };
		65B0A61D1B1353EE002D7CFA /* RxCocoaExt.framework */ = {isa = PBXFileReference; lastKnownFileType = wrapper.framework; name = RxCocoaExt.framework; path = "RxCocoaExt/build/Debug-iphoneos/RxCocoaExt.framework"; sourceTree = "<group>"; };
		65B0A6501B13665D002D7CFA /* UIBarButtonItem+RxExt.swift */ = {isa = PBXFileReference; fileEncoding = 4; lastKnownFileType = sourcecode.swift; path = "UIBarButtonItem+RxExt.swift"; sourceTree = "<group>"; };
		65CA56401B169F9D0065EAC6 /* MasterViewModel.swift */ = {isa = PBXFileReference; fileEncoding = 4; lastKnownFileType = sourcecode.swift; path = MasterViewModel.swift; sourceTree = "<group>"; };
		65F7083D1B140231008A9C41 /* MasterTableViewController.swift */ = {isa = PBXFileReference; fileEncoding = 4; lastKnownFileType = sourcecode.swift; path = MasterTableViewController.swift; sourceTree = "<group>"; };
		65F7083F1B14023F008A9C41 /* DetailViewController.swift */ = {isa = PBXFileReference; fileEncoding = 4; lastKnownFileType = sourcecode.swift; path = DetailViewController.swift; sourceTree = "<group>"; };
		65F708421B140381008A9C41 /* Payback.swift */ = {isa = PBXFileReference; fileEncoding = 4; lastKnownFileType = sourcecode.swift; path = Payback.swift; sourceTree = "<group>"; };
		65F708441B1403CD008A9C41 /* PayBackCollection.swift */ = {isa = PBXFileReference; fileEncoding = 4; lastKnownFileType = sourcecode.swift; path = PayBackCollection.swift; sourceTree = "<group>"; };
		E182630BFBF5FCB4944E9CF3 /* Pods-MVVM.debug.xcconfig */ = {isa = PBXFileReference; includeInIndex = 1; lastKnownFileType = text.xcconfig; name = "Pods-MVVM.debug.xcconfig"; path = "Pods/Target Support Files/Pods-MVVM/Pods-MVVM.debug.xcconfig"; sourceTree = "<group>"; };
		FFAFCD423C2215679CEC5565 /* Pods_MVVM.framework */ = {isa = PBXFileReference; explicitFileType = wrapper.framework; includeInIndex = 0; path = Pods_MVVM.framework; sourceTree = BUILT_PRODUCTS_DIR; };
/* End PBXFileReference section */

/* Begin PBXFrameworksBuildPhase section */
		07ACCA2A1AD523EE006D228C /* Frameworks */ = {
			isa = PBXFrameworksBuildPhase;
			buildActionMask = 2147483647;
			files = (
				9A50089BE42C887BD884DEDD /* Pods_MVVM.framework in Frameworks */,
			);
			runOnlyForDeploymentPostprocessing = 0;
		};
		07ACCA421AD523EF006D228C /* Frameworks */ = {
			isa = PBXFrameworksBuildPhase;
			buildActionMask = 2147483647;
			files = (
				808995762BE0DB876DFDB267 /* Pods_MVVMTests.framework in Frameworks */,
			);
			runOnlyForDeploymentPostprocessing = 0;
		};
/* End PBXFrameworksBuildPhase section */

/* Begin PBXGroup section */
		07ACCA241AD523EE006D228C = {
			isa = PBXGroup;
			children = (
				07ACCA2F1AD523EE006D228C /* MVVM */,
				F264A26B979B47A0F702DD88 /* Frameworks */,
				07ACCA481AD523EF006D228C /* MVVMTests */,
				C784E6C5AD3B0ED184B7F331 /* Pods */,
				07ACCA2E1AD523EE006D228C /* Products */,
			);
			sourceTree = "<group>";
		};
		07ACCA2E1AD523EE006D228C /* Products */ = {
			isa = PBXGroup;
			children = (
				07ACCA2D1AD523EE006D228C /* MVVM.app */,
				07ACCA451AD523EF006D228C /* MVVMTests.xctest */,
			);
			name = Products;
			sourceTree = "<group>";
		};
		07ACCA2F1AD523EE006D228C /* MVVM */ = {
			isa = PBXGroup;
			children = (
				07ACCA551AD52420006D228C /* View Controllers */,
				0991E0021B1608DC00CC3935 /* View Models */,
				65F708411B14035E008A9C41 /* Models */,
				65B0A61F1B1354B2002D7CFA /* RxCocoaExt */,
				07ACCA321AD523EE006D228C /* AppDelegate.swift */,
				07ACCA3C1AD523EE006D228C /* Images.xcassets */,
				07ACCA3E1AD523EE006D228C /* LaunchScreen.xib */,
				07ACCA391AD523EE006D228C /* Main.storyboard */,
				07ACCA301AD523EE006D228C /* Supporting Files */,
			);
			path = MVVM;
			sourceTree = "<group>";
		};
		07ACCA301AD523EE006D228C /* Supporting Files */ = {
			isa = PBXGroup;
			children = (
				07ACCA311AD523EE006D228C /* Info.plist */,
			);
			name = "Supporting Files";
			sourceTree = "<group>";
		};
		07ACCA481AD523EF006D228C /* MVVMTests */ = {
			isa = PBXGroup;
			children = (
				07ACCA491AD523EF006D228C /* Supporting Files */,
			);
			path = MVVMTests;
			sourceTree = "<group>";
		};
		07ACCA491AD523EF006D228C /* Supporting Files */ = {
			isa = PBXGroup;
			children = (
				07ACCA4A1AD523EF006D228C /* Info.plist */,
			);
			name = "Supporting Files";
			sourceTree = "<group>";
		};
		07ACCA551AD52420006D228C /* View Controllers */ = {
			isa = PBXGroup;
			children = (
				65A0488F1B17FA2C00D06817 /* ViewController.swift */,
				65F7083D1B140231008A9C41 /* MasterTableViewController.swift */,
				65F7083F1B14023F008A9C41 /* DetailViewController.swift */,
			);
			name = "View Controllers";
			sourceTree = "<group>";
		};
		0991E0021B1608DC00CC3935 /* View Models */ = {
			isa = PBXGroup;
			children = (
				65CA56401B169F9D0065EAC6 /* MasterViewModel.swift */,
				0991E0031B16090300CC3935 /* DetailViewModel.swift */,
			);
			name = "View Models";
			sourceTree = "<group>";
		};
		65B0A61F1B1354B2002D7CFA /* RxCocoaExt */ = {
			isa = PBXGroup;
			children = (
				09871EA81B18D61700D789B2 /* RxTableViewDataSource.swift */,
				09871EA91B18D61700D789B2 /* RxTableViewDelegate.swift */,
				65B0A6501B13665D002D7CFA /* UIBarButtonItem+RxExt.swift */,
			);
			path = RxCocoaExt;
			sourceTree = "<group>";
		};
		65F708411B14035E008A9C41 /* Models */ = {
			isa = PBXGroup;
			children = (
				65F708421B140381008A9C41 /* Payback.swift */,
				65F708441B1403CD008A9C41 /* PayBackCollection.swift */,
				0991E0001B16038E00CC3935 /* String+Ext.swift */,
			);
			name = Models;
			sourceTree = "<group>";
		};
		C784E6C5AD3B0ED184B7F331 /* Pods */ = {
			isa = PBXGroup;
			children = (
				E182630BFBF5FCB4944E9CF3 /* Pods-MVVM.debug.xcconfig */,
				5E6ED16BC68C064973D2C37B /* Pods-MVVM.release.xcconfig */,
				515C11690BD55045E7A840FE /* Pods-MVVMTests.debug.xcconfig */,
				0757B378E393E9D9BEAD757C /* Pods-MVVMTests.release.xcconfig */,
			);
			name = Pods;
			sourceTree = "<group>";
		};
		F264A26B979B47A0F702DD88 /* Frameworks */ = {
			isa = PBXGroup;
			children = (
				65B0A61D1B1353EE002D7CFA /* RxCocoaExt.framework */,
				FFAFCD423C2215679CEC5565 /* Pods_MVVM.framework */,
				071B14121F3068EC0A058262 /* Pods_MVVMTests.framework */,
			);
			name = Frameworks;
			sourceTree = "<group>";
		};
/* End PBXGroup section */

/* Begin PBXNativeTarget section */
		07ACCA2C1AD523EE006D228C /* MVVM */ = {
			isa = PBXNativeTarget;
			buildConfigurationList = 07ACCA4F1AD523EF006D228C /* Build configuration list for PBXNativeTarget "MVVM" */;
			buildPhases = (
				5CCE5732A15FC88FE1F4FFD0 /* Check Pods Manifest.lock */,
				07ACCA291AD523EE006D228C /* Sources */,
				07ACCA2A1AD523EE006D228C /* Frameworks */,
				07ACCA2B1AD523EE006D228C /* Resources */,
				6844341A68FFD344B70F1EB1 /* Embed Pods Frameworks */,
				BDACF611F94DF7B4FAD8E4EF /* Copy Pods Resources */,
			);
			buildRules = (
			);
			dependencies = (
			);
			name = MVVM;
			productName = MVVM;
			productReference = 07ACCA2D1AD523EE006D228C /* MVVM.app */;
			productType = "com.apple.product-type.application";
		};
		07ACCA441AD523EF006D228C /* MVVMTests */ = {
			isa = PBXNativeTarget;
			buildConfigurationList = 07ACCA521AD523EF006D228C /* Build configuration list for PBXNativeTarget "MVVMTests" */;
			buildPhases = (
				F505AB9B7B89DFDF1B054CEF /* Check Pods Manifest.lock */,
				07ACCA411AD523EF006D228C /* Sources */,
				07ACCA421AD523EF006D228C /* Frameworks */,
				07ACCA431AD523EF006D228C /* Resources */,
				5C5100C055F7241D7BE431D9 /* Embed Pods Frameworks */,
				123D7309CF95046900D72FFE /* Copy Pods Resources */,
			);
			buildRules = (
			);
			dependencies = (
				07ACCA471AD523EF006D228C /* PBXTargetDependency */,
			);
			name = MVVMTests;
			productName = MVVMTests;
			productReference = 07ACCA451AD523EF006D228C /* MVVMTests.xctest */;
			productType = "com.apple.product-type.bundle.unit-test";
		};
/* End PBXNativeTarget section */

/* Begin PBXProject section */
		07ACCA251AD523EE006D228C /* Project object */ = {
			isa = PBXProject;
			attributes = {
				LastUpgradeCheck = 0630;
				ORGANIZATIONNAME = "Carlos García";
				TargetAttributes = {
					07ACCA2C1AD523EE006D228C = {
						CreatedOnToolsVersion = 6.3;
					};
					07ACCA441AD523EF006D228C = {
						CreatedOnToolsVersion = 6.3;
						TestTargetID = 07ACCA2C1AD523EE006D228C;
					};
				};
			};
			buildConfigurationList = 07ACCA281AD523EE006D228C /* Build configuration list for PBXProject "MVVM" */;
			compatibilityVersion = "Xcode 3.2";
			developmentRegion = English;
			hasScannedForEncodings = 0;
			knownRegions = (
				en,
				Base,
			);
			mainGroup = 07ACCA241AD523EE006D228C;
			productRefGroup = 07ACCA2E1AD523EE006D228C /* Products */;
			projectDirPath = "";
			projectRoot = "";
			targets = (
				07ACCA2C1AD523EE006D228C /* MVVM */,
				07ACCA441AD523EF006D228C /* MVVMTests */,
			);
		};
/* End PBXProject section */

/* Begin PBXResourcesBuildPhase section */
		07ACCA2B1AD523EE006D228C /* Resources */ = {
			isa = PBXResourcesBuildPhase;
			buildActionMask = 2147483647;
			files = (
				07ACCA3B1AD523EE006D228C /* Main.storyboard in Resources */,
				07ACCA401AD523EE006D228C /* LaunchScreen.xib in Resources */,
				07ACCA3D1AD523EE006D228C /* Images.xcassets in Resources */,
			);
			runOnlyForDeploymentPostprocessing = 0;
		};
		07ACCA431AD523EF006D228C /* Resources */ = {
			isa = PBXResourcesBuildPhase;
			buildActionMask = 2147483647;
			files = (
			);
			runOnlyForDeploymentPostprocessing = 0;
		};
/* End PBXResourcesBuildPhase section */

/* Begin PBXShellScriptBuildPhase section */
		123D7309CF95046900D72FFE /* Copy Pods Resources */ = {
			isa = PBXShellScriptBuildPhase;
			buildActionMask = 2147483647;
			files = (
			);
			inputPaths = (
			);
			name = "Copy Pods Resources";
			outputPaths = (
			);
			runOnlyForDeploymentPostprocessing = 0;
			shellPath = /bin/sh;
			shellScript = "\"${SRCROOT}/Pods/Target Support Files/Pods-MVVMTests/Pods-MVVMTests-resources.sh\"\n";
			showEnvVarsInLog = 0;
		};
		5C5100C055F7241D7BE431D9 /* Embed Pods Frameworks */ = {
			isa = PBXShellScriptBuildPhase;
			buildActionMask = 2147483647;
			files = (
			);
			inputPaths = (
			);
			name = "Embed Pods Frameworks";
			outputPaths = (
			);
			runOnlyForDeploymentPostprocessing = 0;
			shellPath = /bin/sh;
			shellScript = "\"${SRCROOT}/Pods/Target Support Files/Pods-MVVMTests/Pods-MVVMTests-frameworks.sh\"\n";
			showEnvVarsInLog = 0;
		};
		5CCE5732A15FC88FE1F4FFD0 /* Check Pods Manifest.lock */ = {
			isa = PBXShellScriptBuildPhase;
			buildActionMask = 2147483647;
			files = (
			);
			inputPaths = (
			);
			name = "Check Pods Manifest.lock";
			outputPaths = (
			);
			runOnlyForDeploymentPostprocessing = 0;
			shellPath = /bin/sh;
			shellScript = "diff \"${PODS_ROOT}/../Podfile.lock\" \"${PODS_ROOT}/Manifest.lock\" > /dev/null\nif [[ $? != 0 ]] ; then\n    cat << EOM\nerror: The sandbox is not in sync with the Podfile.lock. Run 'pod install' or update your CocoaPods installation.\nEOM\n    exit 1\nfi\n";
			showEnvVarsInLog = 0;
		};
		6844341A68FFD344B70F1EB1 /* Embed Pods Frameworks */ = {
			isa = PBXShellScriptBuildPhase;
			buildActionMask = 2147483647;
			files = (
			);
			inputPaths = (
			);
			name = "Embed Pods Frameworks";
			outputPaths = (
			);
			runOnlyForDeploymentPostprocessing = 0;
			shellPath = /bin/sh;
			shellScript = "\"${SRCROOT}/Pods/Target Support Files/Pods-MVVM/Pods-MVVM-frameworks.sh\"\n";
			showEnvVarsInLog = 0;
		};
		BDACF611F94DF7B4FAD8E4EF /* Copy Pods Resources */ = {
			isa = PBXShellScriptBuildPhase;
			buildActionMask = 2147483647;
			files = (
			);
			inputPaths = (
			);
			name = "Copy Pods Resources";
			outputPaths = (
			);
			runOnlyForDeploymentPostprocessing = 0;
			shellPath = /bin/sh;
			shellScript = "\"${SRCROOT}/Pods/Target Support Files/Pods-MVVM/Pods-MVVM-resources.sh\"\n";
			showEnvVarsInLog = 0;
		};
		F505AB9B7B89DFDF1B054CEF /* Check Pods Manifest.lock */ = {
			isa = PBXShellScriptBuildPhase;
			buildActionMask = 2147483647;
			files = (
			);
			inputPaths = (
			);
			name = "Check Pods Manifest.lock";
			outputPaths = (
			);
			runOnlyForDeploymentPostprocessing = 0;
			shellPath = /bin/sh;
			shellScript = "diff \"${PODS_ROOT}/../Podfile.lock\" \"${PODS_ROOT}/Manifest.lock\" > /dev/null\nif [[ $? != 0 ]] ; then\n    cat << EOM\nerror: The sandbox is not in sync with the Podfile.lock. Run 'pod install' or update your CocoaPods installation.\nEOM\n    exit 1\nfi\n";
			showEnvVarsInLog = 0;
		};
/* End PBXShellScriptBuildPhase section */

/* Begin PBXSourcesBuildPhase section */
		07ACCA291AD523EE006D228C /* Sources */ = {
			isa = PBXSourcesBuildPhase;
			buildActionMask = 2147483647;
			files = (
				65CA56411B169F9D0065EAC6 /* MasterViewModel.swift in Sources */,
				65F708451B1403CD008A9C41 /* PayBackCollection.swift in Sources */,
				65F7083E1B140231008A9C41 /* MasterTableViewController.swift in Sources */,
				07ACCA331AD523EE006D228C /* AppDelegate.swift in Sources */,
				65A048901B17FA2C00D06817 /* ViewController.swift in Sources */,
				65F708401B14023F008A9C41 /* DetailViewController.swift in Sources */,
				0991E0041B16090300CC3935 /* DetailViewModel.swift in Sources */,
				09871EAA1B18D61700D789B2 /* RxTableViewDataSource.swift in Sources */,
				09871EAB1B18D61700D789B2 /* RxTableViewDelegate.swift in Sources */,
				65B0A6511B13665D002D7CFA /* UIBarButtonItem+RxExt.swift in Sources */,
				0991E0011B16038E00CC3935 /* String+Ext.swift in Sources */,
				65F708431B140381008A9C41 /* Payback.swift in Sources */,
			);
			runOnlyForDeploymentPostprocessing = 0;
		};
		07ACCA411AD523EF006D228C /* Sources */ = {
			isa = PBXSourcesBuildPhase;
			buildActionMask = 2147483647;
			files = (
			);
			runOnlyForDeploymentPostprocessing = 0;
		};
/* End PBXSourcesBuildPhase section */

/* Begin PBXTargetDependency section */
		07ACCA471AD523EF006D228C /* PBXTargetDependency */ = {
			isa = PBXTargetDependency;
			target = 07ACCA2C1AD523EE006D228C /* MVVM */;
			targetProxy = 07ACCA461AD523EF006D228C /* PBXContainerItemProxy */;
		};
/* End PBXTargetDependency section */

/* Begin PBXVariantGroup section */
		07ACCA391AD523EE006D228C /* Main.storyboard */ = {
			isa = PBXVariantGroup;
			children = (
				07ACCA3A1AD523EE006D228C /* Base */,
			);
			name = Main.storyboard;
			sourceTree = "<group>";
		};
		07ACCA3E1AD523EE006D228C /* LaunchScreen.xib */ = {
			isa = PBXVariantGroup;
			children = (
				07ACCA3F1AD523EE006D228C /* Base */,
			);
			name = LaunchScreen.xib;
			sourceTree = "<group>";
		};
/* End PBXVariantGroup section */

/* Begin XCBuildConfiguration section */
		07ACCA4D1AD523EF006D228C /* Debug */ = {
			isa = XCBuildConfiguration;
			buildSettings = {
				ALWAYS_SEARCH_USER_PATHS = NO;
				CLANG_CXX_LANGUAGE_STANDARD = "gnu++0x";
				CLANG_CXX_LIBRARY = "libc++";
				CLANG_ENABLE_MODULES = YES;
				CLANG_ENABLE_OBJC_ARC = YES;
				CLANG_WARN_BOOL_CONVERSION = YES;
				CLANG_WARN_CONSTANT_CONVERSION = YES;
				CLANG_WARN_DIRECT_OBJC_ISA_USAGE = YES_ERROR;
				CLANG_WARN_EMPTY_BODY = YES;
				CLANG_WARN_ENUM_CONVERSION = YES;
				CLANG_WARN_INT_CONVERSION = YES;
				CLANG_WARN_OBJC_ROOT_CLASS = YES_ERROR;
				CLANG_WARN_UNREACHABLE_CODE = YES;
				CLANG_WARN__DUPLICATE_METHOD_MATCH = YES;
				"CODE_SIGN_IDENTITY[sdk=iphoneos*]" = "iPhone Developer";
				COPY_PHASE_STRIP = NO;
				DEBUG_INFORMATION_FORMAT = "dwarf-with-dsym";
				ENABLE_STRICT_OBJC_MSGSEND = YES;
				GCC_C_LANGUAGE_STANDARD = gnu99;
				GCC_DYNAMIC_NO_PIC = NO;
				GCC_NO_COMMON_BLOCKS = YES;
				GCC_OPTIMIZATION_LEVEL = 0;
				GCC_PREPROCESSOR_DEFINITIONS = (
					"DEBUG=1",
					"$(inherited)",
				);
				GCC_SYMBOLS_PRIVATE_EXTERN = NO;
				GCC_WARN_64_TO_32_BIT_CONVERSION = YES;
				GCC_WARN_ABOUT_RETURN_TYPE = YES_ERROR;
				GCC_WARN_UNDECLARED_SELECTOR = YES;
				GCC_WARN_UNINITIALIZED_AUTOS = YES_AGGRESSIVE;
				GCC_WARN_UNUSED_FUNCTION = YES;
				GCC_WARN_UNUSED_VARIABLE = YES;
				IPHONEOS_DEPLOYMENT_TARGET = 8.3;
				MTL_ENABLE_DEBUG_INFO = YES;
				ONLY_ACTIVE_ARCH = YES;
				SDKROOT = iphoneos;
				SWIFT_OPTIMIZATION_LEVEL = "-Onone";
			};
			name = Debug;
		};
		07ACCA4E1AD523EF006D228C /* Release */ = {
			isa = XCBuildConfiguration;
			buildSettings = {
				ALWAYS_SEARCH_USER_PATHS = NO;
				CLANG_CXX_LANGUAGE_STANDARD = "gnu++0x";
				CLANG_CXX_LIBRARY = "libc++";
				CLANG_ENABLE_MODULES = YES;
				CLANG_ENABLE_OBJC_ARC = YES;
				CLANG_WARN_BOOL_CONVERSION = YES;
				CLANG_WARN_CONSTANT_CONVERSION = YES;
				CLANG_WARN_DIRECT_OBJC_ISA_USAGE = YES_ERROR;
				CLANG_WARN_EMPTY_BODY = YES;
				CLANG_WARN_ENUM_CONVERSION = YES;
				CLANG_WARN_INT_CONVERSION = YES;
				CLANG_WARN_OBJC_ROOT_CLASS = YES_ERROR;
				CLANG_WARN_UNREACHABLE_CODE = YES;
				CLANG_WARN__DUPLICATE_METHOD_MATCH = YES;
				"CODE_SIGN_IDENTITY[sdk=iphoneos*]" = "iPhone Developer";
				COPY_PHASE_STRIP = NO;
				DEBUG_INFORMATION_FORMAT = "dwarf-with-dsym";
				ENABLE_NS_ASSERTIONS = NO;
				ENABLE_STRICT_OBJC_MSGSEND = YES;
				GCC_C_LANGUAGE_STANDARD = gnu99;
				GCC_NO_COMMON_BLOCKS = YES;
				GCC_WARN_64_TO_32_BIT_CONVERSION = YES;
				GCC_WARN_ABOUT_RETURN_TYPE = YES_ERROR;
				GCC_WARN_UNDECLARED_SELECTOR = YES;
				GCC_WARN_UNINITIALIZED_AUTOS = YES_AGGRESSIVE;
				GCC_WARN_UNUSED_FUNCTION = YES;
				GCC_WARN_UNUSED_VARIABLE = YES;
				IPHONEOS_DEPLOYMENT_TARGET = 8.3;
				MTL_ENABLE_DEBUG_INFO = NO;
				SDKROOT = iphoneos;
				VALIDATE_PRODUCT = YES;
			};
			name = Release;
		};
		07ACCA501AD523EF006D228C /* Debug */ = {
			isa = XCBuildConfiguration;
			baseConfigurationReference = E182630BFBF5FCB4944E9CF3 /* Pods-MVVM.debug.xcconfig */;
			buildSettings = {
				ASSETCATALOG_COMPILER_APPICON_NAME = AppIcon;
				FRAMEWORK_SEARCH_PATHS = (
					"$(inherited)",
					"$(PROJECT_DIR)/RxCocoaExt/build/Debug-iphoneos",
				);
				GCC_PREPROCESSOR_DEFINITIONS = (
					"$(inherited)",
					"COCOAPODS=1",
				);
				INFOPLIST_FILE = MVVM/Info.plist;
				LD_RUNPATH_SEARCH_PATHS = "$(inherited) @executable_path/Frameworks";
				OTHER_SWIFT_FLAGS = "$(inherited) \"-D\" \"COCOAPODS\"";
				PRODUCT_NAME = "$(TARGET_NAME)";
			};
			name = Debug;
		};
		07ACCA511AD523EF006D228C /* Release */ = {
			isa = XCBuildConfiguration;
			baseConfigurationReference = 5E6ED16BC68C064973D2C37B /* Pods-MVVM.release.xcconfig */;
			buildSettings = {
				ASSETCATALOG_COMPILER_APPICON_NAME = AppIcon;
				FRAMEWORK_SEARCH_PATHS = (
					"$(inherited)",
					"$(PROJECT_DIR)/RxCocoaExt/build/Debug-iphoneos",
				);
				INFOPLIST_FILE = MVVM/Info.plist;
				LD_RUNPATH_SEARCH_PATHS = "$(inherited) @executable_path/Frameworks";
				OTHER_SWIFT_FLAGS = "$(inherited) \"-D\" \"COCOAPODS\"";
				PRODUCT_NAME = "$(TARGET_NAME)";
			};
			name = Release;
		};
		07ACCA531AD523EF006D228C /* Debug */ = {
			isa = XCBuildConfiguration;
			baseConfigurationReference = 515C11690BD55045E7A840FE /* Pods-MVVMTests.debug.xcconfig */;
			buildSettings = {
				BUNDLE_LOADER = "$(TEST_HOST)";
				FRAMEWORK_SEARCH_PATHS = (
					"$(SDKROOT)/Developer/Library/Frameworks",
					"$(inherited)",
				);
				GCC_PREPROCESSOR_DEFINITIONS = (
					"DEBUG=1",
					"$(inherited)",
				);
				INFOPLIST_FILE = MVVMTests/Info.plist;
				LD_RUNPATH_SEARCH_PATHS = "$(inherited) @executable_path/Frameworks @loader_path/Frameworks";
				PRODUCT_NAME = "$(TARGET_NAME)";
				TEST_HOST = "$(BUILT_PRODUCTS_DIR)/MVVM.app/MVVM";
			};
			name = Debug;
		};
		07ACCA541AD523EF006D228C /* Release */ = {
			isa = XCBuildConfiguration;
			baseConfigurationReference = 0757B378E393E9D9BEAD757C /* Pods-MVVMTests.release.xcconfig */;
			buildSettings = {
				BUNDLE_LOADER = "$(TEST_HOST)";
				FRAMEWORK_SEARCH_PATHS = (
					"$(SDKROOT)/Developer/Library/Frameworks",
					"$(inherited)",
				);
				INFOPLIST_FILE = MVVMTests/Info.plist;
				LD_RUNPATH_SEARCH_PATHS = "$(inherited) @executable_path/Frameworks @loader_path/Frameworks";
				PRODUCT_NAME = "$(TARGET_NAME)";
				TEST_HOST = "$(BUILT_PRODUCTS_DIR)/MVVM.app/MVVM";
			};
			name = Release;
		};
/* End XCBuildConfiguration section */

/* Begin XCConfigurationList section */
		07ACCA281AD523EE006D228C /* Build configuration list for PBXProject "MVVM" */ = {
			isa = XCConfigurationList;
			buildConfigurations = (
				07ACCA4D1AD523EF006D228C /* Debug */,
				07ACCA4E1AD523EF006D228C /* Release */,
			);
			defaultConfigurationIsVisible = 0;
			defaultConfigurationName = Release;
		};
		07ACCA4F1AD523EF006D228C /* Build configuration list for PBXNativeTarget "MVVM" */ = {
			isa = XCConfigurationList;
			buildConfigurations = (
				07ACCA501AD523EF006D228C /* Debug */,
				07ACCA511AD523EF006D228C /* Release */,
			);
			defaultConfigurationIsVisible = 0;
			defaultConfigurationName = Release;
		};
		07ACCA521AD523EF006D228C /* Build configuration list for PBXNativeTarget "MVVMTests" */ = {
			isa = XCConfigurationList;
			buildConfigurations = (
				07ACCA531AD523EF006D228C /* Debug */,
				07ACCA541AD523EF006D228C /* Release */,
			);
			defaultConfigurationIsVisible = 0;
			defaultConfigurationName = Release;
		};
/* End XCConfigurationList section */
	};
	rootObject = 07ACCA251AD523EE006D228C /* Project object */;
}
